// !$*UTF8*$!
{
	archiveVersion = 1;
	classes = {
	};
	objectVersion = 56;
	objects = {

/* Begin PBXBuildFile section */
		BC6FFD5A2A72E2360003FD6C /* AppDelegate.swift in Sources */ = {isa = PBXBuildFile; fileRef = BC6FFD592A72E2360003FD6C /* AppDelegate.swift */; };
		BC6FFD5C2A72E2360003FD6C /* SceneDelegate.swift in Sources */ = {isa = PBXBuildFile; fileRef = BC6FFD5B2A72E2360003FD6C /* SceneDelegate.swift */; };
		BC6FFD632A72E2370003FD6C /* Assets.xcassets in Resources */ = {isa = PBXBuildFile; fileRef = BC6FFD622A72E2370003FD6C /* Assets.xcassets */; };
		BC6FFD6E2A72E2810003FD6C /* LoginVC.swift in Sources */ = {isa = PBXBuildFile; fileRef = BC6FFD6D2A72E2810003FD6C /* LoginVC.swift */; };
		BC6FFD702A72FAD10003FD6C /* HomeVC.swift in Sources */ = {isa = PBXBuildFile; fileRef = BC6FFD6F2A72FAD10003FD6C /* HomeVC.swift */; };
		BC6FFD722A72FC3B0003FD6C /* SettingsVC.swift in Sources */ = {isa = PBXBuildFile; fileRef = BC6FFD712A72FC3B0003FD6C /* SettingsVC.swift */; };
		BC6FFD742A72FF770003FD6C /* TabBarController.swift in Sources */ = {isa = PBXBuildFile; fileRef = BC6FFD732A72FF770003FD6C /* TabBarController.swift */; };
		BC6FFD7A2A73084E0003FD6C /* AERecipeVC.swift in Sources */ = {isa = PBXBuildFile; fileRef = BC6FFD792A73084E0003FD6C /* AERecipeVC.swift */; };
		BC6FFD7C2A731D720003FD6C /* InputFieldView.swift in Sources */ = {isa = PBXBuildFile; fileRef = BC6FFD7B2A731D720003FD6C /* InputFieldView.swift */; };
		BC6FFD7E2A7324BE0003FD6C /* DetailVC.swift in Sources */ = {isa = PBXBuildFile; fileRef = BC6FFD7D2A7324BE0003FD6C /* DetailVC.swift */; };
		BC6FFD802A7325240003FD6C /* TagView.swift in Sources */ = {isa = PBXBuildFile; fileRef = BC6FFD7F2A7325240003FD6C /* TagView.swift */; };
		BC6FFD822A7325380003FD6C /* IngredientView.swift in Sources */ = {isa = PBXBuildFile; fileRef = BC6FFD812A7325380003FD6C /* IngredientView.swift */; };
		BC6FFD852A74D9410003FD6C /* RecipeApp.xcdatamodeld in Sources */ = {isa = PBXBuildFile; fileRef = BC6FFD832A74D9410003FD6C /* RecipeApp.xcdatamodeld */; };
		BC6FFDAD2A74E63A0003FD6C /* DataController.swift in Sources */ = {isa = PBXBuildFile; fileRef = BC6FFDAC2A74E63A0003FD6C /* DataController.swift */; };
		BC6FFDC12A75F3DB0003FD6C /* RecipeTableViewCell.swift in Sources */ = {isa = PBXBuildFile; fileRef = BC6FFDC02A75F3DB0003FD6C /* RecipeTableViewCell.swift */; };
		BC6FFDC82A7616260003FD6C /* TestPageVC.swift in Sources */ = {isa = PBXBuildFile; fileRef = BC6FFDC72A7616260003FD6C /* TestPageVC.swift */; };
		BC6FFDCB2A76B6680003FD6C /* CollectionCell.swift in Sources */ = {isa = PBXBuildFile; fileRef = BC6FFDCA2A76B6680003FD6C /* CollectionCell.swift */; };
		BC6FFDE42A775A700003FD6C /* Ingredient+CoreDataClass.swift in Sources */ = {isa = PBXBuildFile; fileRef = BC6FFDDC2A775A700003FD6C /* Ingredient+CoreDataClass.swift */; };
		BC6FFDE52A775A700003FD6C /* Ingredient+CoreDataProperties.swift in Sources */ = {isa = PBXBuildFile; fileRef = BC6FFDDD2A775A700003FD6C /* Ingredient+CoreDataProperties.swift */; };
		BC6FFDE62A775A700003FD6C /* Recipe+CoreDataClass.swift in Sources */ = {isa = PBXBuildFile; fileRef = BC6FFDDE2A775A700003FD6C /* Recipe+CoreDataClass.swift */; };
		BC6FFDE72A775A700003FD6C /* Recipe+CoreDataProperties.swift in Sources */ = {isa = PBXBuildFile; fileRef = BC6FFDDF2A775A700003FD6C /* Recipe+CoreDataProperties.swift */; };
		BC6FFDE82A775A700003FD6C /* RecipeIngredient+CoreDataClass.swift in Sources */ = {isa = PBXBuildFile; fileRef = BC6FFDE02A775A700003FD6C /* RecipeIngredient+CoreDataClass.swift */; };
		BC6FFDE92A775A700003FD6C /* RecipeIngredient+CoreDataProperties.swift in Sources */ = {isa = PBXBuildFile; fileRef = BC6FFDE12A775A700003FD6C /* RecipeIngredient+CoreDataProperties.swift */; };
		BC6FFDEA2A775A700003FD6C /* Category+CoreDataClass.swift in Sources */ = {isa = PBXBuildFile; fileRef = BC6FFDE22A775A700003FD6C /* Category+CoreDataClass.swift */; };
		BC6FFDEB2A775A700003FD6C /* Category+CoreDataProperties.swift in Sources */ = {isa = PBXBuildFile; fileRef = BC6FFDE32A775A700003FD6C /* Category+CoreDataProperties.swift */; };
		BC6FFDED2A776AC50003FD6C /* UserDefaultsData.swift in Sources */ = {isa = PBXBuildFile; fileRef = BC6FFDEC2A776AC50003FD6C /* UserDefaultsData.swift */; };
		BC6FFDF22A789FB90003FD6C /* IngStackView.swift in Sources */ = {isa = PBXBuildFile; fileRef = BC6FFDF12A789FB90003FD6C /* IngStackView.swift */; };
/* End PBXBuildFile section */

/* Begin PBXFileReference section */
		BC6FFD562A72E2360003FD6C /* Project1_RecipeApp.app */ = {isa = PBXFileReference; explicitFileType = wrapper.application; includeInIndex = 0; path = Project1_RecipeApp.app; sourceTree = BUILT_PRODUCTS_DIR; };
		BC6FFD592A72E2360003FD6C /* AppDelegate.swift */ = {isa = PBXFileReference; lastKnownFileType = sourcecode.swift; path = AppDelegate.swift; sourceTree = "<group>"; };
		BC6FFD5B2A72E2360003FD6C /* SceneDelegate.swift */ = {isa = PBXFileReference; lastKnownFileType = sourcecode.swift; path = SceneDelegate.swift; sourceTree = "<group>"; };
		BC6FFD622A72E2370003FD6C /* Assets.xcassets */ = {isa = PBXFileReference; lastKnownFileType = folder.assetcatalog; path = Assets.xcassets; sourceTree = "<group>"; };
		BC6FFD672A72E2370003FD6C /* Info.plist */ = {isa = PBXFileReference; lastKnownFileType = text.plist.xml; path = Info.plist; sourceTree = "<group>"; };
		BC6FFD6D2A72E2810003FD6C /* LoginVC.swift */ = {isa = PBXFileReference; lastKnownFileType = sourcecode.swift; path = LoginVC.swift; sourceTree = "<group>"; };
		BC6FFD6F2A72FAD10003FD6C /* HomeVC.swift */ = {isa = PBXFileReference; lastKnownFileType = sourcecode.swift; path = HomeVC.swift; sourceTree = "<group>"; };
		BC6FFD712A72FC3B0003FD6C /* SettingsVC.swift */ = {isa = PBXFileReference; lastKnownFileType = sourcecode.swift; path = SettingsVC.swift; sourceTree = "<group>"; };
		BC6FFD732A72FF770003FD6C /* TabBarController.swift */ = {isa = PBXFileReference; lastKnownFileType = sourcecode.swift; path = TabBarController.swift; sourceTree = "<group>"; };
		BC6FFD792A73084E0003FD6C /* AERecipeVC.swift */ = {isa = PBXFileReference; lastKnownFileType = sourcecode.swift; path = AERecipeVC.swift; sourceTree = "<group>"; };
		BC6FFD7B2A731D720003FD6C /* InputFieldView.swift */ = {isa = PBXFileReference; lastKnownFileType = sourcecode.swift; path = InputFieldView.swift; sourceTree = "<group>"; };
		BC6FFD7D2A7324BE0003FD6C /* DetailVC.swift */ = {isa = PBXFileReference; lastKnownFileType = sourcecode.swift; path = DetailVC.swift; sourceTree = "<group>"; };
		BC6FFD7F2A7325240003FD6C /* TagView.swift */ = {isa = PBXFileReference; lastKnownFileType = sourcecode.swift; path = TagView.swift; sourceTree = "<group>"; };
		BC6FFD812A7325380003FD6C /* IngredientView.swift */ = {isa = PBXFileReference; lastKnownFileType = sourcecode.swift; path = IngredientView.swift; sourceTree = "<group>"; };
		BC6FFD842A74D9410003FD6C /* RecipeApp.xcdatamodel */ = {isa = PBXFileReference; lastKnownFileType = wrapper.xcdatamodel; path = RecipeApp.xcdatamodel; sourceTree = "<group>"; };
		BC6FFDAC2A74E63A0003FD6C /* DataController.swift */ = {isa = PBXFileReference; lastKnownFileType = sourcecode.swift; path = DataController.swift; sourceTree = "<group>"; };
		BC6FFDC02A75F3DB0003FD6C /* RecipeTableViewCell.swift */ = {isa = PBXFileReference; lastKnownFileType = sourcecode.swift; path = RecipeTableViewCell.swift; sourceTree = "<group>"; };
		BC6FFDC72A7616260003FD6C /* TestPageVC.swift */ = {isa = PBXFileReference; lastKnownFileType = sourcecode.swift; path = TestPageVC.swift; sourceTree = "<group>"; };
		BC6FFDCA2A76B6680003FD6C /* CollectionCell.swift */ = {isa = PBXFileReference; lastKnownFileType = sourcecode.swift; path = CollectionCell.swift; sourceTree = "<group>"; };
		BC6FFDDC2A775A700003FD6C /* Ingredient+CoreDataClass.swift */ = {isa = PBXFileReference; lastKnownFileType = sourcecode.swift; path = "Ingredient+CoreDataClass.swift"; sourceTree = "<group>"; };
		BC6FFDDD2A775A700003FD6C /* Ingredient+CoreDataProperties.swift */ = {isa = PBXFileReference; lastKnownFileType = sourcecode.swift; path = "Ingredient+CoreDataProperties.swift"; sourceTree = "<group>"; };
		BC6FFDDE2A775A700003FD6C /* Recipe+CoreDataClass.swift */ = {isa = PBXFileReference; lastKnownFileType = sourcecode.swift; path = "Recipe+CoreDataClass.swift"; sourceTree = "<group>"; };
		BC6FFDDF2A775A700003FD6C /* Recipe+CoreDataProperties.swift */ = {isa = PBXFileReference; lastKnownFileType = sourcecode.swift; path = "Recipe+CoreDataProperties.swift"; sourceTree = "<group>"; };
		BC6FFDE02A775A700003FD6C /* RecipeIngredient+CoreDataClass.swift */ = {isa = PBXFileReference; lastKnownFileType = sourcecode.swift; path = "RecipeIngredient+CoreDataClass.swift"; sourceTree = "<group>"; };
		BC6FFDE12A775A700003FD6C /* RecipeIngredient+CoreDataProperties.swift */ = {isa = PBXFileReference; lastKnownFileType = sourcecode.swift; path = "RecipeIngredient+CoreDataProperties.swift"; sourceTree = "<group>"; };
		BC6FFDE22A775A700003FD6C /* Category+CoreDataClass.swift */ = {isa = PBXFileReference; lastKnownFileType = sourcecode.swift; path = "Category+CoreDataClass.swift"; sourceTree = "<group>"; };
		BC6FFDE32A775A700003FD6C /* Category+CoreDataProperties.swift */ = {isa = PBXFileReference; lastKnownFileType = sourcecode.swift; path = "Category+CoreDataProperties.swift"; sourceTree = "<group>"; };
		BC6FFDEC2A776AC50003FD6C /* UserDefaultsData.swift */ = {isa = PBXFileReference; lastKnownFileType = sourcecode.swift; path = UserDefaultsData.swift; sourceTree = "<group>"; };
		BC6FFDF12A789FB90003FD6C /* IngStackView.swift */ = {isa = PBXFileReference; lastKnownFileType = sourcecode.swift; path = IngStackView.swift; sourceTree = "<group>"; };
/* End PBXFileReference section */

/* Begin PBXFrameworksBuildPhase section */
		BC6FFD532A72E2360003FD6C /* Frameworks */ = {
			isa = PBXFrameworksBuildPhase;
			buildActionMask = 2147483647;
			files = (
			);
			runOnlyForDeploymentPostprocessing = 0;
		};
/* End PBXFrameworksBuildPhase section */

/* Begin PBXGroup section */
		BC6FFD4D2A72E2360003FD6C = {
			isa = PBXGroup;
			children = (
				BC6FFD582A72E2360003FD6C /* Project1_RecipeApp */,
				BC6FFD572A72E2360003FD6C /* Products */,
			);
			sourceTree = "<group>";
		};
		BC6FFD572A72E2360003FD6C /* Products */ = {
			isa = PBXGroup;
			children = (
				BC6FFD562A72E2360003FD6C /* Project1_RecipeApp.app */,
			);
			name = Products;
			sourceTree = "<group>";
		};
		BC6FFD582A72E2360003FD6C /* Project1_RecipeApp */ = {
			isa = PBXGroup;
			children = (
				BC6FFDEE2A7784D90003FD6C /* Controller */,
				BC6FFDAB2A74E61E0003FD6C /* Model */,
				BC6FFD772A72FFC00003FD6C /* UI */,
				BC6FFD782A72FFE50003FD6C /* Supportings */,
				BC6FFDC92A762F290003FD6C /* Test */,
				BC6FFD672A72E2370003FD6C /* Info.plist */,
			);
			path = Project1_RecipeApp;
			sourceTree = "<group>";
		};
		BC6FFD772A72FFC00003FD6C /* UI */ = {
			isa = PBXGroup;
			children = (
				BC6FFD732A72FF770003FD6C /* TabBarController.swift */,
				BC6FFD7F2A7325240003FD6C /* TagView.swift */,
				BC6FFD7B2A731D720003FD6C /* InputFieldView.swift */,
				BC6FFDF12A789FB90003FD6C /* IngStackView.swift */,
				BC6FFD812A7325380003FD6C /* IngredientView.swift */,
				BC6FFDC02A75F3DB0003FD6C /* RecipeTableViewCell.swift */,
				BC6FFDCA2A76B6680003FD6C /* CollectionCell.swift */,
			);
			path = UI;
			sourceTree = "<group>";
		};
		BC6FFD782A72FFE50003FD6C /* Supportings */ = {
			isa = PBXGroup;
			children = (
				BC6FFD592A72E2360003FD6C /* AppDelegate.swift */,
				BC6FFD5B2A72E2360003FD6C /* SceneDelegate.swift */,
				BC6FFD622A72E2370003FD6C /* Assets.xcassets */,
			);
			path = Supportings;
			sourceTree = "<group>";
		};
		BC6FFDAB2A74E61E0003FD6C /* Model */ = {
			isa = PBXGroup;
			children = (
				BC6FFDDC2A775A700003FD6C /* Ingredient+CoreDataClass.swift */,
				BC6FFDDD2A775A700003FD6C /* Ingredient+CoreDataProperties.swift */,
				BC6FFDDE2A775A700003FD6C /* Recipe+CoreDataClass.swift */,
				BC6FFDDF2A775A700003FD6C /* Recipe+CoreDataProperties.swift */,
				BC6FFDE02A775A700003FD6C /* RecipeIngredient+CoreDataClass.swift */,
				BC6FFDE12A775A700003FD6C /* RecipeIngredient+CoreDataProperties.swift */,
				BC6FFDE22A775A700003FD6C /* Category+CoreDataClass.swift */,
				BC6FFDE32A775A700003FD6C /* Category+CoreDataProperties.swift */,
				BC6FFD832A74D9410003FD6C /* RecipeApp.xcdatamodeld */,
			);
			path = Model;
			sourceTree = "<group>";
		};
		BC6FFDC92A762F290003FD6C /* Test */ = {
			isa = PBXGroup;
			children = (
				BC6FFDAC2A74E63A0003FD6C /* DataController.swift */,
				BC6FFDC72A7616260003FD6C /* TestPageVC.swift */,
			);
			path = Test;
			sourceTree = "<group>";
		};
		BC6FFDEE2A7784D90003FD6C /* Controller */ = {
			isa = PBXGroup;
			children = (
				BC6FFD6D2A72E2810003FD6C /* LoginVC.swift */,
				BC6FFDEC2A776AC50003FD6C /* UserDefaultsData.swift */,
				BC6FFD6F2A72FAD10003FD6C /* HomeVC.swift */,
				BC6FFD7D2A7324BE0003FD6C /* DetailVC.swift */,
				BC6FFD792A73084E0003FD6C /* AERecipeVC.swift */,
				BC6FFD712A72FC3B0003FD6C /* SettingsVC.swift */,
			);
			path = Controller;
			sourceTree = "<group>";
		};
/* End PBXGroup section */

/* Begin PBXNativeTarget section */
		BC6FFD552A72E2360003FD6C /* Project1_RecipeApp */ = {
			isa = PBXNativeTarget;
			buildConfigurationList = BC6FFD6A2A72E2370003FD6C /* Build configuration list for PBXNativeTarget "Project1_RecipeApp" */;
			buildPhases = (
				BC6FFD522A72E2360003FD6C /* Sources */,
				BC6FFD532A72E2360003FD6C /* Frameworks */,
				BC6FFD542A72E2360003FD6C /* Resources */,
			);
			buildRules = (
			);
			dependencies = (
			);
			name = Project1_RecipeApp;
			productName = Project1_RecipeApp;
			productReference = BC6FFD562A72E2360003FD6C /* Project1_RecipeApp.app */;
			productType = "com.apple.product-type.application";
		};
/* End PBXNativeTarget section */

/* Begin PBXProject section */
		BC6FFD4E2A72E2360003FD6C /* Project object */ = {
			isa = PBXProject;
			attributes = {
				BuildIndependentTargetsInParallel = 1;
				LastSwiftUpdateCheck = 1430;
				LastUpgradeCheck = 1430;
				TargetAttributes = {
					BC6FFD552A72E2360003FD6C = {
						CreatedOnToolsVersion = 14.3.1;
					};
				};
			};
			buildConfigurationList = BC6FFD512A72E2360003FD6C /* Build configuration list for PBXProject "Project1_RecipeApp" */;
			compatibilityVersion = "Xcode 14.0";
			developmentRegion = en;
			hasScannedForEncodings = 0;
			knownRegions = (
				en,
				Base,
			);
			mainGroup = BC6FFD4D2A72E2360003FD6C;
			productRefGroup = BC6FFD572A72E2360003FD6C /* Products */;
			projectDirPath = "";
			projectRoot = "";
			targets = (
				BC6FFD552A72E2360003FD6C /* Project1_RecipeApp */,
			);
		};
/* End PBXProject section */

/* Begin PBXResourcesBuildPhase section */
		BC6FFD542A72E2360003FD6C /* Resources */ = {
			isa = PBXResourcesBuildPhase;
			buildActionMask = 2147483647;
			files = (
				BC6FFD632A72E2370003FD6C /* Assets.xcassets in Resources */,
			);
			runOnlyForDeploymentPostprocessing = 0;
		};
/* End PBXResourcesBuildPhase section */

/* Begin PBXSourcesBuildPhase section */
		BC6FFD522A72E2360003FD6C /* Sources */ = {
			isa = PBXSourcesBuildPhase;
			buildActionMask = 2147483647;
			files = (
				BC6FFDED2A776AC50003FD6C /* UserDefaultsData.swift in Sources */,
				BC6FFD5A2A72E2360003FD6C /* AppDelegate.swift in Sources */,
				BC6FFDC82A7616260003FD6C /* TestPageVC.swift in Sources */,
				BC6FFDE62A775A700003FD6C /* Recipe+CoreDataClass.swift in Sources */,
				BC6FFD802A7325240003FD6C /* TagView.swift in Sources */,
				BC6FFDC12A75F3DB0003FD6C /* RecipeTableViewCell.swift in Sources */,
				BC6FFDE72A775A700003FD6C /* Recipe+CoreDataProperties.swift in Sources */,
				BC6FFDEA2A775A700003FD6C /* Category+CoreDataClass.swift in Sources */,
				BC6FFDF22A789FB90003FD6C /* IngStackView.swift in Sources */,
				BC6FFDEB2A775A700003FD6C /* Category+CoreDataProperties.swift in Sources */,
				BC6FFD702A72FAD10003FD6C /* HomeVC.swift in Sources */,
				BC6FFDE82A775A700003FD6C /* RecipeIngredient+CoreDataClass.swift in Sources */,
				BC6FFD852A74D9410003FD6C /* RecipeApp.xcdatamodeld in Sources */,
				BC6FFD5C2A72E2360003FD6C /* SceneDelegate.swift in Sources */,
				BC6FFDE92A775A700003FD6C /* RecipeIngredient+CoreDataProperties.swift in Sources */,
				BC6FFD742A72FF770003FD6C /* TabBarController.swift in Sources */,
				BC6FFD6E2A72E2810003FD6C /* LoginVC.swift in Sources */,
				BC6FFD822A7325380003FD6C /* IngredientView.swift in Sources */,
				BC6FFD7E2A7324BE0003FD6C /* DetailVC.swift in Sources */,
				BC6FFD722A72FC3B0003FD6C /* SettingsVC.swift in Sources */,
				BC6FFDE52A775A700003FD6C /* Ingredient+CoreDataProperties.swift in Sources */,
				BC6FFD7C2A731D720003FD6C /* InputFieldView.swift in Sources */,
				BC6FFDAD2A74E63A0003FD6C /* DataController.swift in Sources */,
				BC6FFDE42A775A700003FD6C /* Ingredient+CoreDataClass.swift in Sources */,
				BC6FFD7A2A73084E0003FD6C /* AERecipeVC.swift in Sources */,
				BC6FFDCB2A76B6680003FD6C /* CollectionCell.swift in Sources */,
			);
			runOnlyForDeploymentPostprocessing = 0;
		};
/* End PBXSourcesBuildPhase section */

/* Begin XCBuildConfiguration section */
		BC6FFD682A72E2370003FD6C /* Debug */ = {
			isa = XCBuildConfiguration;
			buildSettings = {
				ALWAYS_SEARCH_USER_PATHS = NO;
				CLANG_ANALYZER_NONNULL = YES;
				CLANG_ANALYZER_NUMBER_OBJECT_CONVERSION = YES_AGGRESSIVE;
				CLANG_CXX_LANGUAGE_STANDARD = "gnu++20";
				CLANG_ENABLE_MODULES = YES;
				CLANG_ENABLE_OBJC_ARC = YES;
				CLANG_ENABLE_OBJC_WEAK = YES;
				CLANG_WARN_BLOCK_CAPTURE_AUTORELEASING = YES;
				CLANG_WARN_BOOL_CONVERSION = YES;
				CLANG_WARN_COMMA = YES;
				CLANG_WARN_CONSTANT_CONVERSION = YES;
				CLANG_WARN_DEPRECATED_OBJC_IMPLEMENTATIONS = YES;
				CLANG_WARN_DIRECT_OBJC_ISA_USAGE = YES_ERROR;
				CLANG_WARN_DOCUMENTATION_COMMENTS = YES;
				CLANG_WARN_EMPTY_BODY = YES;
				CLANG_WARN_ENUM_CONVERSION = YES;
				CLANG_WARN_INFINITE_RECURSION = YES;
				CLANG_WARN_INT_CONVERSION = YES;
				CLANG_WARN_NON_LITERAL_NULL_CONVERSION = YES;
				CLANG_WARN_OBJC_IMPLICIT_RETAIN_SELF = YES;
				CLANG_WARN_OBJC_LITERAL_CONVERSION = YES;
				CLANG_WARN_OBJC_ROOT_CLASS = YES_ERROR;
				CLANG_WARN_QUOTED_INCLUDE_IN_FRAMEWORK_HEADER = YES;
				CLANG_WARN_RANGE_LOOP_ANALYSIS = YES;
				CLANG_WARN_STRICT_PROTOTYPES = YES;
				CLANG_WARN_SUSPICIOUS_MOVE = YES;
				CLANG_WARN_UNGUARDED_AVAILABILITY = YES_AGGRESSIVE;
				CLANG_WARN_UNREACHABLE_CODE = YES;
				CLANG_WARN__DUPLICATE_METHOD_MATCH = YES;
				COPY_PHASE_STRIP = NO;
				DEBUG_INFORMATION_FORMAT = dwarf;
				ENABLE_STRICT_OBJC_MSGSEND = YES;
				ENABLE_TESTABILITY = YES;
				GCC_C_LANGUAGE_STANDARD = gnu11;
				GCC_DYNAMIC_NO_PIC = NO;
				GCC_NO_COMMON_BLOCKS = YES;
				GCC_OPTIMIZATION_LEVEL = 0;
				GCC_PREPROCESSOR_DEFINITIONS = (
					"DEBUG=1",
					"$(inherited)",
				);
				GCC_WARN_64_TO_32_BIT_CONVERSION = YES;
				GCC_WARN_ABOUT_RETURN_TYPE = YES_ERROR;
				GCC_WARN_UNDECLARED_SELECTOR = YES;
				GCC_WARN_UNINITIALIZED_AUTOS = YES_AGGRESSIVE;
				GCC_WARN_UNUSED_FUNCTION = YES;
				GCC_WARN_UNUSED_VARIABLE = YES;
				IPHONEOS_DEPLOYMENT_TARGET = 16.4;
				MTL_ENABLE_DEBUG_INFO = INCLUDE_SOURCE;
				MTL_FAST_MATH = YES;
				ONLY_ACTIVE_ARCH = YES;
				SDKROOT = iphoneos;
				SWIFT_ACTIVE_COMPILATION_CONDITIONS = DEBUG;
				SWIFT_OPTIMIZATION_LEVEL = "-Onone";
			};
			name = Debug;
		};
		BC6FFD692A72E2370003FD6C /* Release */ = {
			isa = XCBuildConfiguration;
			buildSettings = {
				ALWAYS_SEARCH_USER_PATHS = NO;
				CLANG_ANALYZER_NONNULL = YES;
				CLANG_ANALYZER_NUMBER_OBJECT_CONVERSION = YES_AGGRESSIVE;
				CLANG_CXX_LANGUAGE_STANDARD = "gnu++20";
				CLANG_ENABLE_MODULES = YES;
				CLANG_ENABLE_OBJC_ARC = YES;
				CLANG_ENABLE_OBJC_WEAK = YES;
				CLANG_WARN_BLOCK_CAPTURE_AUTORELEASING = YES;
				CLANG_WARN_BOOL_CONVERSION = YES;
				CLANG_WARN_COMMA = YES;
				CLANG_WARN_CONSTANT_CONVERSION = YES;
				CLANG_WARN_DEPRECATED_OBJC_IMPLEMENTATIONS = YES;
				CLANG_WARN_DIRECT_OBJC_ISA_USAGE = YES_ERROR;
				CLANG_WARN_DOCUMENTATION_COMMENTS = YES;
				CLANG_WARN_EMPTY_BODY = YES;
				CLANG_WARN_ENUM_CONVERSION = YES;
				CLANG_WARN_INFINITE_RECURSION = YES;
				CLANG_WARN_INT_CONVERSION = YES;
				CLANG_WARN_NON_LITERAL_NULL_CONVERSION = YES;
				CLANG_WARN_OBJC_IMPLICIT_RETAIN_SELF = YES;
				CLANG_WARN_OBJC_LITERAL_CONVERSION = YES;
				CLANG_WARN_OBJC_ROOT_CLASS = YES_ERROR;
				CLANG_WARN_QUOTED_INCLUDE_IN_FRAMEWORK_HEADER = YES;
				CLANG_WARN_RANGE_LOOP_ANALYSIS = YES;
				CLANG_WARN_STRICT_PROTOTYPES = YES;
				CLANG_WARN_SUSPICIOUS_MOVE = YES;
				CLANG_WARN_UNGUARDED_AVAILABILITY = YES_AGGRESSIVE;
				CLANG_WARN_UNREACHABLE_CODE = YES;
				CLANG_WARN__DUPLICATE_METHOD_MATCH = YES;
				COPY_PHASE_STRIP = NO;
				DEBUG_INFORMATION_FORMAT = "dwarf-with-dsym";
				ENABLE_NS_ASSERTIONS = NO;
				ENABLE_STRICT_OBJC_MSGSEND = YES;
				GCC_C_LANGUAGE_STANDARD = gnu11;
				GCC_NO_COMMON_BLOCKS = YES;
				GCC_WARN_64_TO_32_BIT_CONVERSION = YES;
				GCC_WARN_ABOUT_RETURN_TYPE = YES_ERROR;
				GCC_WARN_UNDECLARED_SELECTOR = YES;
				GCC_WARN_UNINITIALIZED_AUTOS = YES_AGGRESSIVE;
				GCC_WARN_UNUSED_FUNCTION = YES;
				GCC_WARN_UNUSED_VARIABLE = YES;
				IPHONEOS_DEPLOYMENT_TARGET = 16.4;
				MTL_ENABLE_DEBUG_INFO = NO;
				MTL_FAST_MATH = YES;
				SDKROOT = iphoneos;
				SWIFT_COMPILATION_MODE = wholemodule;
				SWIFT_OPTIMIZATION_LEVEL = "-O";
				VALIDATE_PRODUCT = YES;
			};
			name = Release;
		};
		BC6FFD6B2A72E2370003FD6C /* Debug */ = {
			isa = XCBuildConfiguration;
			buildSettings = {
				ASSETCATALOG_COMPILER_APPICON_NAME = AppIcon;
				ASSETCATALOG_COMPILER_GLOBAL_ACCENT_COLOR_NAME = AccentColor;
				CODE_SIGN_STYLE = Automatic;
				CURRENT_PROJECT_VERSION = 1;
				GENERATE_INFOPLIST_FILE = YES;
				INFOPLIST_FILE = Project1_RecipeApp/Info.plist;
				INFOPLIST_KEY_UIApplicationSupportsIndirectInputEvents = YES;
				INFOPLIST_KEY_UILaunchStoryboardName = LaunchScreen;
				INFOPLIST_KEY_UISupportedInterfaceOrientations_iPad = "UIInterfaceOrientationPortrait UIInterfaceOrientationPortraitUpsideDown UIInterfaceOrientationLandscapeLeft UIInterfaceOrientationLandscapeRight";
				INFOPLIST_KEY_UISupportedInterfaceOrientations_iPhone = "UIInterfaceOrientationPortrait UIInterfaceOrientationLandscapeLeft UIInterfaceOrientationLandscapeRight";
				LD_RUNPATH_SEARCH_PATHS = (
					"$(inherited)",
					"@executable_path/Frameworks",
				);
				MARKETING_VERSION = 1.0;
				PRODUCT_BUNDLE_IDENTIFIER = "Lixuanwu-Zhou.Project1-RecipeApp";
				PRODUCT_NAME = "$(TARGET_NAME)";
				SWIFT_EMIT_LOC_STRINGS = YES;
				SWIFT_VERSION = 5.0;
				TARGETED_DEVICE_FAMILY = "1,2";
			};
			name = Debug;
		};
		BC6FFD6C2A72E2370003FD6C /* Release */ = {
			isa = XCBuildConfiguration;
			buildSettings = {
				ASSETCATALOG_COMPILER_APPICON_NAME = AppIcon;
				ASSETCATALOG_COMPILER_GLOBAL_ACCENT_COLOR_NAME = AccentColor;
				CODE_SIGN_STYLE = Automatic;
				CURRENT_PROJECT_VERSION = 1;
				GENERATE_INFOPLIST_FILE = YES;
				INFOPLIST_FILE = Project1_RecipeApp/Info.plist;
				INFOPLIST_KEY_UIApplicationSupportsIndirectInputEvents = YES;
				INFOPLIST_KEY_UILaunchStoryboardName = LaunchScreen;
				INFOPLIST_KEY_UISupportedInterfaceOrientations_iPad = "UIInterfaceOrientationPortrait UIInterfaceOrientationPortraitUpsideDown UIInterfaceOrientationLandscapeLeft UIInterfaceOrientationLandscapeRight";
				INFOPLIST_KEY_UISupportedInterfaceOrientations_iPhone = "UIInterfaceOrientationPortrait UIInterfaceOrientationLandscapeLeft UIInterfaceOrientationLandscapeRight";
				LD_RUNPATH_SEARCH_PATHS = (
					"$(inherited)",
					"@executable_path/Frameworks",
				);
				MARKETING_VERSION = 1.0;
				PRODUCT_BUNDLE_IDENTIFIER = "Lixuanwu-Zhou.Project1-RecipeApp";
				PRODUCT_NAME = "$(TARGET_NAME)";
				SWIFT_EMIT_LOC_STRINGS = YES;
				SWIFT_VERSION = 5.0;
				TARGETED_DEVICE_FAMILY = "1,2";
			};
			name = Release;
		};
/* End XCBuildConfiguration section */

/* Begin XCConfigurationList section */
		BC6FFD512A72E2360003FD6C /* Build configuration list for PBXProject "Project1_RecipeApp" */ = {
			isa = XCConfigurationList;
			buildConfigurations = (
				BC6FFD682A72E2370003FD6C /* Debug */,
				BC6FFD692A72E2370003FD6C /* Release */,
			);
			defaultConfigurationIsVisible = 0;
			defaultConfigurationName = Release;
		};
		BC6FFD6A2A72E2370003FD6C /* Build configuration list for PBXNativeTarget "Project1_RecipeApp" */ = {
			isa = XCConfigurationList;
			buildConfigurations = (
				BC6FFD6B2A72E2370003FD6C /* Debug */,
				BC6FFD6C2A72E2370003FD6C /* Release */,
			);
			defaultConfigurationIsVisible = 0;
			defaultConfigurationName = Release;
		};
/* End XCConfigurationList section */

/* Begin XCVersionGroup section */
		BC6FFD832A74D9410003FD6C /* RecipeApp.xcdatamodeld */ = {
			isa = XCVersionGroup;
			children = (
				BC6FFD842A74D9410003FD6C /* RecipeApp.xcdatamodel */,
			);
			currentVersion = BC6FFD842A74D9410003FD6C /* RecipeApp.xcdatamodel */;
			path = RecipeApp.xcdatamodeld;
			sourceTree = "<group>";
			versionGroupType = wrapper.xcdatamodel;
		};
/* End XCVersionGroup section */
	};
	rootObject = BC6FFD4E2A72E2360003FD6C /* Project object */;
}
